// !$*UTF8*$!
{
	archiveVersion = 1;
	classes = {
	};
	objectVersion = 46;
	objects = {

/* Begin PBXBuildFile section */
		4C6E428018E1D247001EFA49 /* AVFoundation.framework in Frameworks */ = {isa = PBXBuildFile; fileRef = 4C6E427F18E1D247001EFA49 /* AVFoundation.framework */; };
		4C6E428818E1FC22001EFA49 /* ETdown.jpg in Resources */ = {isa = PBXBuildFile; fileRef = 4C6E428118E1FC22001EFA49 /* ETdown.jpg */; };
		4C6E428918E1FC22001EFA49 /* ETupMirrored.jpg in Resources */ = {isa = PBXBuildFile; fileRef = 4C6E428218E1FC22001EFA49 /* ETupMirrored.jpg */; };
		4C6E428A18E1FC22001EFA49 /* ETright.jpg in Resources */ = {isa = PBXBuildFile; fileRef = 4C6E428318E1FC22001EFA49 /* ETright.jpg */; };
		4C6E428B18E1FC22001EFA49 /* ETrightMirrored.jpg in Resources */ = {isa = PBXBuildFile; fileRef = 4C6E428418E1FC22001EFA49 /* ETrightMirrored.jpg */; };
		4C6E428C18E1FC22001EFA49 /* ETleft.jpg in Resources */ = {isa = PBXBuildFile; fileRef = 4C6E428518E1FC22001EFA49 /* ETleft.jpg */; };
		4C6E428D18E1FC22001EFA49 /* ETleftMirrored.jpg in Resources */ = {isa = PBXBuildFile; fileRef = 4C6E428618E1FC22001EFA49 /* ETleftMirrored.jpg */; };
		4C6E428E18E1FC22001EFA49 /* ETup.jpg in Resources */ = {isa = PBXBuildFile; fileRef = 4C6E428718E1FC22001EFA49 /* ETup.jpg */; };
		4C6E429018E1FCB7001EFA49 /* ETdownMirrored.jpg in Resources */ = {isa = PBXBuildFile; fileRef = 4C6E428F18E1FCB7001EFA49 /* ETdownMirrored.jpg */; };
		4CA49E231759439000380086 /* UIKit.framework in Frameworks */ = {isa = PBXBuildFile; fileRef = 4CA49E221759439000380086 /* UIKit.framework */; };
		4CA49E251759439000380086 /* Foundation.framework in Frameworks */ = {isa = PBXBuildFile; fileRef = 4CA49E241759439000380086 /* Foundation.framework */; };
		4CA49E271759439000380086 /* CoreGraphics.framework in Frameworks */ = {isa = PBXBuildFile; fileRef = 4CA49E261759439000380086 /* CoreGraphics.framework */; };
		4CA49E2D1759439000380086 /* InfoPlist.strings in Resources */ = {isa = PBXBuildFile; fileRef = 4CA49E2B1759439000380086 /* InfoPlist.strings */; };
		4CA49E2F1759439000380086 /* main.m in Sources */ = {isa = PBXBuildFile; fileRef = 4CA49E2E1759439000380086 /* main.m */; };
		4CA49E331759439000380086 /* DAAppDelegate.m in Sources */ = {isa = PBXBuildFile; fileRef = 4CA49E321759439000380086 /* DAAppDelegate.m */; };
		4CA49E351759439000380086 /* Default.png in Resources */ = {isa = PBXBuildFile; fileRef = 4CA49E341759439000380086 /* Default.png */; };
		4CA49E371759439000380086 /* Default@2x.png in Resources */ = {isa = PBXBuildFile; fileRef = 4CA49E361759439000380086 /* Default@2x.png */; };
		4CA49E391759439000380086 /* Default-568h@2x.png in Resources */ = {isa = PBXBuildFile; fileRef = 4CA49E381759439000380086 /* Default-568h@2x.png */; };
		4CA49E3C1759439000380086 /* DAViewController.m in Sources */ = {isa = PBXBuildFile; fileRef = 4CA49E3B1759439000380086 /* DAViewController.m */; };
		4CA49E4B175943D200380086 /* DAScratchPadView.m in Sources */ = {isa = PBXBuildFile; fileRef = 4CA49E4A175943D200380086 /* DAScratchPadView.m */; };
		4CA49E76175BD59800380086 /* QuartzCore.framework in Frameworks */ = {isa = PBXBuildFile; fileRef = 4CA49E75175BD59800380086 /* QuartzCore.framework */; };
		8A4322451A986BBB00A6EC0C /* DASharedGlobals.m in Sources */ = {isa = PBXBuildFile; fileRef = 8A4322441A986BBB00A6EC0C /* DASharedGlobals.m */; };
		8A4683931A8D1CCE00A81A3C /* eraser2.png in Resources */ = {isa = PBXBuildFile; fileRef = 8A4683911A8D1CCE00A81A3C /* eraser2.png */; };
		8A4683941A8D1CCE00A81A3C /* eraser11.png in Resources */ = {isa = PBXBuildFile; fileRef = 8A4683921A8D1CCE00A81A3C /* eraser11.png */; };
		8A511FD31A99B5E900496DA9 /* Social.framework in Frameworks */ = {isa = PBXBuildFile; fileRef = 8A511FD21A99B5E900496DA9 /* Social.framework */; };
		8A5C10A81A9F867B00B2E95B /* CHTumblrMenuView.m in Sources */ = {isa = PBXBuildFile; fileRef = 8A5C10A71A9F867B00B2E95B /* CHTumblrMenuView.m */; };
		8A5C10AB1A9F873D00B2E95B /* AboutAppViewController.m in Sources */ = {isa = PBXBuildFile; fileRef = 8A5C10AA1A9F873D00B2E95B /* AboutAppViewController.m */; };
		8A5C10BD1A9F88CA00B2E95B /* post_type_bubble_chat.png in Resources */ = {isa = PBXBuildFile; fileRef = 8A5C10AD1A9F88CA00B2E95B /* post_type_bubble_chat.png */; };
		8A5C10BE1A9F88CA00B2E95B /* post_type_bubble_chat@2x.png in Resources */ = {isa = PBXBuildFile; fileRef = 8A5C10AE1A9F88CA00B2E95B /* post_type_bubble_chat@2x.png */; };
		8A5C10BF1A9F88CA00B2E95B /* post_type_bubble_link.png in Resources */ = {isa = PBXBuildFile; fileRef = 8A5C10AF1A9F88CA00B2E95B /* post_type_bubble_link.png */; };
		8A5C10C01A9F88CA00B2E95B /* post_type_bubble_link@2x.png in Resources */ = {isa = PBXBuildFile; fileRef = 8A5C10B01A9F88CA00B2E95B /* post_type_bubble_link@2x.png */; };
		8A5C10C11A9F88CA00B2E95B /* post_type_bubble_photo.png in Resources */ = {isa = PBXBuildFile; fileRef = 8A5C10B11A9F88CA00B2E95B /* post_type_bubble_photo.png */; };
		8A5C10C21A9F88CA00B2E95B /* post_type_bubble_photo@2x.png in Resources */ = {isa = PBXBuildFile; fileRef = 8A5C10B21A9F88CA00B2E95B /* post_type_bubble_photo@2x.png */; };
		8A5C10C31A9F88CA00B2E95B /* post_type_bubble_quote.png in Resources */ = {isa = PBXBuildFile; fileRef = 8A5C10B31A9F88CA00B2E95B /* post_type_bubble_quote.png */; };
		8A5C10C41A9F88CA00B2E95B /* post_type_bubble_quote@2x.png in Resources */ = {isa = PBXBuildFile; fileRef = 8A5C10B41A9F88CA00B2E95B /* post_type_bubble_quote@2x.png */; };
		8A5C10C51A9F88CA00B2E95B /* post_type_bubble_text.png in Resources */ = {isa = PBXBuildFile; fileRef = 8A5C10B51A9F88CA00B2E95B /* post_type_bubble_text.png */; };
		8A5C10C61A9F88CA00B2E95B /* post_type_bubble_text@2x.png in Resources */ = {isa = PBXBuildFile; fileRef = 8A5C10B61A9F88CA00B2E95B /* post_type_bubble_text@2x.png */; };
		8A5C10C71A9F88CA00B2E95B /* post_type_bubble_video.png in Resources */ = {isa = PBXBuildFile; fileRef = 8A5C10B71A9F88CA00B2E95B /* post_type_bubble_video.png */; };
		8A5C10C81A9F88CA00B2E95B /* post_type_bubble_video@2x.png in Resources */ = {isa = PBXBuildFile; fileRef = 8A5C10B81A9F88CA00B2E95B /* post_type_bubble_video@2x.png */; };
		8A5C10C91A9F88CA00B2E95B /* tab_bar_button_compose_selected.png in Resources */ = {isa = PBXBuildFile; fileRef = 8A5C10B91A9F88CA00B2E95B /* tab_bar_button_compose_selected.png */; };
		8A5C10CA1A9F88CA00B2E95B /* tab_bar_button_compose_selected@2x.png in Resources */ = {isa = PBXBuildFile; fileRef = 8A5C10BA1A9F88CA00B2E95B /* tab_bar_button_compose_selected@2x.png */; };
		8A5C10CB1A9F88CA00B2E95B /* tab_bar_button_compose_unselected.png in Resources */ = {isa = PBXBuildFile; fileRef = 8A5C10BB1A9F88CA00B2E95B /* tab_bar_button_compose_unselected.png */; };
		8A5C10CC1A9F88CA00B2E95B /* tab_bar_button_compose_unselected@2x.png in Resources */ = {isa = PBXBuildFile; fileRef = 8A5C10BC1A9F88CA00B2E95B /* tab_bar_button_compose_unselected@2x.png */; };
		8A5C10D01A9F8D1E00B2E95B /* facebook_.png in Resources */ = {isa = PBXBuildFile; fileRef = 8A5C10CE1A9F8D1E00B2E95B /* facebook_.png */; };
		8A5C10D11A9F8D1E00B2E95B /* twitter_.png in Resources */ = {isa = PBXBuildFile; fileRef = 8A5C10CF1A9F8D1E00B2E95B /* twitter_.png */; };
		8A5C10D51A9F8ED700B2E95B /* Facebook.png in Resources */ = {isa = PBXBuildFile; fileRef = 8A5C10D21A9F8ED700B2E95B /* Facebook.png */; };
		8A5C10D61A9F8ED700B2E95B /* instagram.png in Resources */ = {isa = PBXBuildFile; fileRef = 8A5C10D31A9F8ED700B2E95B /* instagram.png */; };
		8A5C10D71A9F8ED700B2E95B /* Twitter.png in Resources */ = {isa = PBXBuildFile; fileRef = 8A5C10D41A9F8ED700B2E95B /* Twitter.png */; };
		8A5C10D91A9F935700B2E95B /* Github.png in Resources */ = {isa = PBXBuildFile; fileRef = 8A5C10D81A9F935700B2E95B /* Github.png */; };
		8A5C10DB1A9F935E00B2E95B /* Github2.png in Resources */ = {isa = PBXBuildFile; fileRef = 8A5C10DA1A9F935E00B2E95B /* Github2.png */; };
		8A708E5E1A94FBCD0029EB21 /* SWRevealViewController.m in Sources */ = {isa = PBXBuildFile; fileRef = 8A708E5D1A94FBCD0029EB21 /* SWRevealViewController.m */; };
		8A708E8A1A94FCDC0029EB21 /* MainViewController.m in Sources */ = {isa = PBXBuildFile; fileRef = 8A708E831A94FCDC0029EB21 /* MainViewController.m */; };
		8A708E8B1A94FCDC0029EB21 /* SidebarViewController.m in Sources */ = {isa = PBXBuildFile; fileRef = 8A708E851A94FCDC0029EB21 /* SidebarViewController.m */; };
		8A708E8C1A94FCDC0029EB21 /* MapViewController.m in Sources */ = {isa = PBXBuildFile; fileRef = 8A708E871A94FCDC0029EB21 /* MapViewController.m */; };
		8A708E8D1A94FCDC0029EB21 /* PhotoViewController.m in Sources */ = {isa = PBXBuildFile; fileRef = 8A708E891A94FCDC0029EB21 /* PhotoViewController.m */; };
		8A708E961A95012D0029EB21 /* bag.png in Resources */ = {isa = PBXBuildFile; fileRef = 8A708E8E1A95012D0029EB21 /* bag.png */; };
		8A708E971A95012D0029EB21 /* teamslaay.png in Resources */ = {isa = PBXBuildFile; fileRef = 8A708E8F1A95012D0029EB21 /* teamslaay.png */; };
		8A708E981A95012D0029EB21 /* Settings.png in Resources */ = {isa = PBXBuildFile; fileRef = 8A708E901A95012D0029EB21 /* Settings.png */; };
		8A708E991A95012D0029EB21 /* share.png in Resources */ = {isa = PBXBuildFile; fileRef = 8A708E911A95012D0029EB21 /* share.png */; };
		8A708E9A1A95012D0029EB21 /* information.png in Resources */ = {isa = PBXBuildFile; fileRef = 8A708E921A95012D0029EB21 /* information.png */; };
		8A708E9B1A95012D0029EB21 /* nav_bg.png in Resources */ = {isa = PBXBuildFile; fileRef = 8A708E931A95012D0029EB21 /* nav_bg.png */; };
		8A708E9C1A95012D0029EB21 /* menu.png in Resources */ = {isa = PBXBuildFile; fileRef = 8A708E941A95012D0029EB21 /* menu.png */; };
		8A708E9D1A95012D0029EB21 /* menu@2x.png in Resources */ = {isa = PBXBuildFile; fileRef = 8A708E951A95012D0029EB21 /* menu@2x.png */; };
		8AD1AAF61A925B5900AE50AC /* DWBubbleMenuButton.m in Sources */ = {isa = PBXBuildFile; fileRef = 8AD1AAF51A925B5900AE50AC /* DWBubbleMenuButton.m */; };
		8ADB6AAC1A96570900A6C4A8 /* drwApp.png in Resources */ = {isa = PBXBuildFile; fileRef = 8ADB6AAB1A96570900A6C4A8 /* drwApp.png */; };
		8ADB6AB11A96587900A6C4A8 /* drwApp_58x58.png in Resources */ = {isa = PBXBuildFile; fileRef = 8ADB6AAD1A96587900A6C4A8 /* drwApp_58x58.png */; };
		8ADB6AB21A96587900A6C4A8 /* drwApp_80x80.png in Resources */ = {isa = PBXBuildFile; fileRef = 8ADB6AAE1A96587900A6C4A8 /* drwApp_80x80.png */; };
		8ADB6AB31A96587900A6C4A8 /* drwApp_120x120.png in Resources */ = {isa = PBXBuildFile; fileRef = 8ADB6AAF1A96587900A6C4A8 /* drwApp_120x120.png */; };
		8ADB6AB41A96587900A6C4A8 /* drwApp_256x256.png in Resources */ = {isa = PBXBuildFile; fileRef = 8ADB6AB01A96587900A6C4A8 /* drwApp_256x256.png */; };
		8ADB6AB61A965BA400A6C4A8 /* drwApp_640x960.png in Resources */ = {isa = PBXBuildFile; fileRef = 8ADB6AB51A965BA400A6C4A8 /* drwApp_640x960.png */; };
		8ADB6AB81A965BA800A6C4A8 /* drwApp_640x1136.png in Resources */ = {isa = PBXBuildFile; fileRef = 8ADB6AB71A965BA800A6C4A8 /* drwApp_640x1136.png */; };
		8AFCDBF31A8BCB5F00C8D8E0 /* main.storyboard in Resources */ = {isa = PBXBuildFile; fileRef = 8AFCDBF21A8BCB5F00C8D8E0 /* main.storyboard */; };
/* End PBXBuildFile section */

/* Begin PBXFileReference section */
		4C6E427F18E1D247001EFA49 /* AVFoundation.framework */ = {isa = PBXFileReference; lastKnownFileType = wrapper.framework; name = AVFoundation.framework; path = System/Library/Frameworks/AVFoundation.framework; sourceTree = SDKROOT; };
		4C6E428118E1FC22001EFA49 /* ETdown.jpg */ = {isa = PBXFileReference; lastKnownFileType = image.jpeg; path = ETdown.jpg; sourceTree = "<group>"; };
		4C6E428218E1FC22001EFA49 /* ETupMirrored.jpg */ = {isa = PBXFileReference; lastKnownFileType = image.jpeg; path = ETupMirrored.jpg; sourceTree = "<group>"; };
		4C6E428318E1FC22001EFA49 /* ETright.jpg */ = {isa = PBXFileReference; lastKnownFileType = image.jpeg; path = ETright.jpg; sourceTree = "<group>"; };
		4C6E428418E1FC22001EFA49 /* ETrightMirrored.jpg */ = {isa = PBXFileReference; lastKnownFileType = image.jpeg; path = ETrightMirrored.jpg; sourceTree = "<group>"; };
		4C6E428518E1FC22001EFA49 /* ETleft.jpg */ = {isa = PBXFileReference; lastKnownFileType = image.jpeg; path = ETleft.jpg; sourceTree = "<group>"; };
		4C6E428618E1FC22001EFA49 /* ETleftMirrored.jpg */ = {isa = PBXFileReference; lastKnownFileType = image.jpeg; path = ETleftMirrored.jpg; sourceTree = "<group>"; };
		4C6E428718E1FC22001EFA49 /* ETup.jpg */ = {isa = PBXFileReference; lastKnownFileType = image.jpeg; path = ETup.jpg; sourceTree = "<group>"; };
		4C6E428F18E1FCB7001EFA49 /* ETdownMirrored.jpg */ = {isa = PBXFileReference; lastKnownFileType = image.jpeg; path = ETdownMirrored.jpg; sourceTree = "<group>"; };
		4CA49E1F1759439000380086 /* DrwApp.app */ = {isa = PBXFileReference; explicitFileType = wrapper.application; includeInIndex = 0; path = DrwApp.app; sourceTree = BUILT_PRODUCTS_DIR; };
		4CA49E221759439000380086 /* UIKit.framework */ = {isa = PBXFileReference; lastKnownFileType = wrapper.framework; name = UIKit.framework; path = System/Library/Frameworks/UIKit.framework; sourceTree = SDKROOT; };
		4CA49E241759439000380086 /* Foundation.framework */ = {isa = PBXFileReference; lastKnownFileType = wrapper.framework; name = Foundation.framework; path = System/Library/Frameworks/Foundation.framework; sourceTree = SDKROOT; };
		4CA49E261759439000380086 /* CoreGraphics.framework */ = {isa = PBXFileReference; lastKnownFileType = wrapper.framework; name = CoreGraphics.framework; path = System/Library/Frameworks/CoreGraphics.framework; sourceTree = SDKROOT; };
		4CA49E2A1759439000380086 /* DrwApp-Info.plist */ = {isa = PBXFileReference; lastKnownFileType = text.plist.xml; path = "DrwApp-Info.plist"; sourceTree = "<group>"; };
		4CA49E2C1759439000380086 /* en */ = {isa = PBXFileReference; lastKnownFileType = text.plist.strings; name = en; path = en.lproj/InfoPlist.strings; sourceTree = "<group>"; };
		4CA49E2E1759439000380086 /* main.m */ = {isa = PBXFileReference; lastKnownFileType = sourcecode.c.objc; path = main.m; sourceTree = "<group>"; };
		4CA49E311759439000380086 /* DAAppDelegate.h */ = {isa = PBXFileReference; lastKnownFileType = sourcecode.c.h; path = DAAppDelegate.h; sourceTree = "<group>"; };
		4CA49E321759439000380086 /* DAAppDelegate.m */ = {isa = PBXFileReference; lastKnownFileType = sourcecode.c.objc; path = DAAppDelegate.m; sourceTree = "<group>"; };
		4CA49E341759439000380086 /* Default.png */ = {isa = PBXFileReference; lastKnownFileType = image.png; path = Default.png; sourceTree = "<group>"; };
		4CA49E361759439000380086 /* Default@2x.png */ = {isa = PBXFileReference; lastKnownFileType = image.png; path = "Default@2x.png"; sourceTree = "<group>"; };
		4CA49E381759439000380086 /* Default-568h@2x.png */ = {isa = PBXFileReference; lastKnownFileType = image.png; path = "Default-568h@2x.png"; sourceTree = "<group>"; };
		4CA49E3A1759439000380086 /* DAViewController.h */ = {isa = PBXFileReference; lastKnownFileType = sourcecode.c.h; path = DAViewController.h; sourceTree = "<group>"; };
		4CA49E3B1759439000380086 /* DAViewController.m */ = {isa = PBXFileReference; lastKnownFileType = sourcecode.c.objc; path = DAViewController.m; sourceTree = "<group>"; };
		4CA49E49175943D200380086 /* DAScratchPadView.h */ = {isa = PBXFileReference; fileEncoding = 4; lastKnownFileType = sourcecode.c.h; path = DAScratchPadView.h; sourceTree = "<group>"; };
		4CA49E4A175943D200380086 /* DAScratchPadView.m */ = {isa = PBXFileReference; fileEncoding = 4; lastKnownFileType = sourcecode.c.objc; path = DAScratchPadView.m; sourceTree = "<group>"; };
		4CA49E75175BD59800380086 /* QuartzCore.framework */ = {isa = PBXFileReference; lastKnownFileType = wrapper.framework; name = QuartzCore.framework; path = System/Library/Frameworks/QuartzCore.framework; sourceTree = SDKROOT; };
		8A4322431A986BBB00A6EC0C /* DASharedGlobals.h */ = {isa = PBXFileReference; fileEncoding = 4; lastKnownFileType = sourcecode.c.h; name = DASharedGlobals.h; path = logic/DASharedGlobals.h; sourceTree = "<group>"; };
		8A4322441A986BBB00A6EC0C /* DASharedGlobals.m */ = {isa = PBXFileReference; fileEncoding = 4; lastKnownFileType = sourcecode.c.objc; name = DASharedGlobals.m; path = logic/DASharedGlobals.m; sourceTree = "<group>"; };
		8A4683911A8D1CCE00A81A3C /* eraser2.png */ = {isa = PBXFileReference; lastKnownFileType = image.png; name = eraser2.png; path = ../eraser2.png; sourceTree = "<group>"; };
		8A4683921A8D1CCE00A81A3C /* eraser11.png */ = {isa = PBXFileReference; lastKnownFileType = image.png; name = eraser11.png; path = ../eraser11.png; sourceTree = "<group>"; };
		8A511FD11A99B3A200496DA9 /* DrwApp-Prefix.pch */ = {isa = PBXFileReference; lastKnownFileType = sourcecode.c.h; path = "DrwApp-Prefix.pch"; sourceTree = "<group>"; };
		8A511FD21A99B5E900496DA9 /* Social.framework */ = {isa = PBXFileReference; lastKnownFileType = wrapper.framework; name = Social.framework; path = System/Library/Frameworks/Social.framework; sourceTree = SDKROOT; };
		8A5C10A61A9F867B00B2E95B /* CHTumblrMenuView.h */ = {isa = PBXFileReference; fileEncoding = 4; lastKnownFileType = sourcecode.c.h; path = CHTumblrMenuView.h; sourceTree = "<group>"; };
		8A5C10A71A9F867B00B2E95B /* CHTumblrMenuView.m */ = {isa = PBXFileReference; fileEncoding = 4; lastKnownFileType = sourcecode.c.objc; path = CHTumblrMenuView.m; sourceTree = "<group>"; };
		8A5C10A91A9F873D00B2E95B /* AboutAppViewController.h */ = {isa = PBXFileReference; fileEncoding = 4; lastKnownFileType = sourcecode.c.h; name = AboutAppViewController.h; path = controllers/AboutAppViewController.h; sourceTree = "<group>"; };
		8A5C10AA1A9F873D00B2E95B /* AboutAppViewController.m */ = {isa = PBXFileReference; fileEncoding = 4; lastKnownFileType = sourcecode.c.objc; name = AboutAppViewController.m; path = controllers/AboutAppViewController.m; sourceTree = "<group>"; };
		8A5C10AD1A9F88CA00B2E95B /* post_type_bubble_chat.png */ = {isa = PBXFileReference; lastKnownFileType = image.png; path = post_type_bubble_chat.png; sourceTree = "<group>"; };
		8A5C10AE1A9F88CA00B2E95B /* post_type_bubble_chat@2x.png */ = {isa = PBXFileReference; lastKnownFileType = image.png; path = "post_type_bubble_chat@2x.png"; sourceTree = "<group>"; };
		8A5C10AF1A9F88CA00B2E95B /* post_type_bubble_link.png */ = {isa = PBXFileReference; lastKnownFileType = image.png; path = post_type_bubble_link.png; sourceTree = "<group>"; };
		8A5C10B01A9F88CA00B2E95B /* post_type_bubble_link@2x.png */ = {isa = PBXFileReference; lastKnownFileType = image.png; path = "post_type_bubble_link@2x.png"; sourceTree = "<group>"; };
		8A5C10B11A9F88CA00B2E95B /* post_type_bubble_photo.png */ = {isa = PBXFileReference; lastKnownFileType = image.png; path = post_type_bubble_photo.png; sourceTree = "<group>"; };
		8A5C10B21A9F88CA00B2E95B /* post_type_bubble_photo@2x.png */ = {isa = PBXFileReference; lastKnownFileType = image.png; path = "post_type_bubble_photo@2x.png"; sourceTree = "<group>"; };
		8A5C10B31A9F88CA00B2E95B /* post_type_bubble_quote.png */ = {isa = PBXFileReference; lastKnownFileType = image.png; path = post_type_bubble_quote.png; sourceTree = "<group>"; };
		8A5C10B41A9F88CA00B2E95B /* post_type_bubble_quote@2x.png */ = {isa = PBXFileReference; lastKnownFileType = image.png; path = "post_type_bubble_quote@2x.png"; sourceTree = "<group>"; };
		8A5C10B51A9F88CA00B2E95B /* post_type_bubble_text.png */ = {isa = PBXFileReference; lastKnownFileType = image.png; path = post_type_bubble_text.png; sourceTree = "<group>"; };
		8A5C10B61A9F88CA00B2E95B /* post_type_bubble_text@2x.png */ = {isa = PBXFileReference; lastKnownFileType = image.png; path = "post_type_bubble_text@2x.png"; sourceTree = "<group>"; };
		8A5C10B71A9F88CA00B2E95B /* post_type_bubble_video.png */ = {isa = PBXFileReference; lastKnownFileType = image.png; path = post_type_bubble_video.png; sourceTree = "<group>"; };
		8A5C10B81A9F88CA00B2E95B /* post_type_bubble_video@2x.png */ = {isa = PBXFileReference; lastKnownFileType = image.png; path = "post_type_bubble_video@2x.png"; sourceTree = "<group>"; };
		8A5C10B91A9F88CA00B2E95B /* tab_bar_button_compose_selected.png */ = {isa = PBXFileReference; lastKnownFileType = image.png; path = tab_bar_button_compose_selected.png; sourceTree = "<group>"; };
		8A5C10BA1A9F88CA00B2E95B /* tab_bar_button_compose_selected@2x.png */ = {isa = PBXFileReference; lastKnownFileType = image.png; path = "tab_bar_button_compose_selected@2x.png"; sourceTree = "<group>"; };
		8A5C10BB1A9F88CA00B2E95B /* tab_bar_button_compose_unselected.png */ = {isa = PBXFileReference; lastKnownFileType = image.png; path = tab_bar_button_compose_unselected.png; sourceTree = "<group>"; };
		8A5C10BC1A9F88CA00B2E95B /* tab_bar_button_compose_unselected@2x.png */ = {isa = PBXFileReference; lastKnownFileType = image.png; path = "tab_bar_button_compose_unselected@2x.png"; sourceTree = "<group>"; };
		8A5C10CE1A9F8D1E00B2E95B /* facebook_.png */ = {isa = PBXFileReference; lastKnownFileType = image.png; path = facebook_.png; sourceTree = "<group>"; };
		8A5C10CF1A9F8D1E00B2E95B /* twitter_.png */ = {isa = PBXFileReference; lastKnownFileType = image.png; path = twitter_.png; sourceTree = "<group>"; };
		8A5C10D21A9F8ED700B2E95B /* Facebook.png */ = {isa = PBXFileReference; lastKnownFileType = image.png; path = Facebook.png; sourceTree = "<group>"; };
		8A5C10D31A9F8ED700B2E95B /* instagram.png */ = {isa = PBXFileReference; lastKnownFileType = image.png; path = instagram.png; sourceTree = "<group>"; };
		8A5C10D41A9F8ED700B2E95B /* Twitter.png */ = {isa = PBXFileReference; lastKnownFileType = image.png; path = Twitter.png; sourceTree = "<group>"; };
		8A5C10D81A9F935700B2E95B /* Github.png */ = {isa = PBXFileReference; lastKnownFileType = image.png; path = Github.png; sourceTree = "<group>"; };
		8A5C10DA1A9F935E00B2E95B /* Github2.png */ = {isa = PBXFileReference; lastKnownFileType = image.png; path = Github2.png; sourceTree = "<group>"; };
		8A708E5C1A94FBCD0029EB21 /* SWRevealViewController.h */ = {isa = PBXFileReference; fileEncoding = 4; lastKnownFileType = sourcecode.c.h; path = SWRevealViewController.h; sourceTree = "<group>"; };
		8A708E5D1A94FBCD0029EB21 /* SWRevealViewController.m */ = {isa = PBXFileReference; fileEncoding = 4; lastKnownFileType = sourcecode.c.objc; path = SWRevealViewController.m; sourceTree = "<group>"; };
		8A708E821A94FCDC0029EB21 /* MainViewController.h */ = {isa = PBXFileReference; fileEncoding = 4; lastKnownFileType = sourcecode.c.h; path = MainViewController.h; sourceTree = "<group>"; };
		8A708E831A94FCDC0029EB21 /* MainViewController.m */ = {isa = PBXFileReference; fileEncoding = 4; lastKnownFileType = sourcecode.c.objc; path = MainViewController.m; sourceTree = "<group>"; };
		8A708E841A94FCDC0029EB21 /* SidebarViewController.h */ = {isa = PBXFileReference; fileEncoding = 4; lastKnownFileType = sourcecode.c.h; path = SidebarViewController.h; sourceTree = "<group>"; };
		8A708E851A94FCDC0029EB21 /* SidebarViewController.m */ = {isa = PBXFileReference; fileEncoding = 4; lastKnownFileType = sourcecode.c.objc; path = SidebarViewController.m; sourceTree = "<group>"; };
		8A708E861A94FCDC0029EB21 /* MapViewController.h */ = {isa = PBXFileReference; fileEncoding = 4; lastKnownFileType = sourcecode.c.h; path = MapViewController.h; sourceTree = "<group>"; };
		8A708E871A94FCDC0029EB21 /* MapViewController.m */ = {isa = PBXFileReference; fileEncoding = 4; lastKnownFileType = sourcecode.c.objc; path = MapViewController.m; sourceTree = "<group>"; };
		8A708E881A94FCDC0029EB21 /* PhotoViewController.h */ = {isa = PBXFileReference; fileEncoding = 4; lastKnownFileType = sourcecode.c.h; path = PhotoViewController.h; sourceTree = "<group>"; };
		8A708E891A94FCDC0029EB21 /* PhotoViewController.m */ = {isa = PBXFileReference; fileEncoding = 4; lastKnownFileType = sourcecode.c.objc; path = PhotoViewController.m; sourceTree = "<group>"; };
		8A708E8E1A95012D0029EB21 /* bag.png */ = {isa = PBXFileReference; lastKnownFileType = image.png; path = bag.png; sourceTree = "<group>"; };
		8A708E8F1A95012D0029EB21 /* teamslaay.png */ = {isa = PBXFileReference; lastKnownFileType = image.png; path = teamslaay.png; sourceTree = "<group>"; };
		8A708E901A95012D0029EB21 /* Settings.png */ = {isa = PBXFileReference; lastKnownFileType = image.png; path = Settings.png; sourceTree = "<group>"; };
		8A708E911A95012D0029EB21 /* share.png */ = {isa = PBXFileReference; lastKnownFileType = image.png; path = share.png; sourceTree = "<group>"; };
		8A708E921A95012D0029EB21 /* information.png */ = {isa = PBXFileReference; lastKnownFileType = image.png; path = information.png; sourceTree = "<group>"; };
		8A708E931A95012D0029EB21 /* nav_bg.png */ = {isa = PBXFileReference; lastKnownFileType = image.png; path = nav_bg.png; sourceTree = "<group>"; };
		8A708E941A95012D0029EB21 /* menu.png */ = {isa = PBXFileReference; lastKnownFileType = image.png; path = menu.png; sourceTree = "<group>"; };
		8A708E951A95012D0029EB21 /* menu@2x.png */ = {isa = PBXFileReference; lastKnownFileType = image.png; path = "menu@2x.png"; sourceTree = "<group>"; };
		8AD1AAF41A925B5900AE50AC /* DWBubbleMenuButton.h */ = {isa = PBXFileReference; fileEncoding = 4; lastKnownFileType = sourcecode.c.h; path = DWBubbleMenuButton.h; sourceTree = "<group>"; };
		8AD1AAF51A925B5900AE50AC /* DWBubbleMenuButton.m */ = {isa = PBXFileReference; fileEncoding = 4; lastKnownFileType = sourcecode.c.objc; path = DWBubbleMenuButton.m; sourceTree = "<group>"; };
		8ADB6AAB1A96570900A6C4A8 /* drwApp.png */ = {isa = PBXFileReference; lastKnownFileType = image.png; path = drwApp.png; sourceTree = "<group>"; };
		8ADB6AAD1A96587900A6C4A8 /* drwApp_58x58.png */ = {isa = PBXFileReference; lastKnownFileType = image.png; path = drwApp_58x58.png; sourceTree = "<group>"; };
		8ADB6AAE1A96587900A6C4A8 /* drwApp_80x80.png */ = {isa = PBXFileReference; lastKnownFileType = image.png; path = drwApp_80x80.png; sourceTree = "<group>"; };
		8ADB6AAF1A96587900A6C4A8 /* drwApp_120x120.png */ = {isa = PBXFileReference; lastKnownFileType = image.png; path = drwApp_120x120.png; sourceTree = "<group>"; };
		8ADB6AB01A96587900A6C4A8 /* drwApp_256x256.png */ = {isa = PBXFileReference; lastKnownFileType = image.png; path = drwApp_256x256.png; sourceTree = "<group>"; };
		8ADB6AB51A965BA400A6C4A8 /* drwApp_640x960.png */ = {isa = PBXFileReference; lastKnownFileType = image.png; path = drwApp_640x960.png; sourceTree = "<group>"; };
		8ADB6AB71A965BA800A6C4A8 /* drwApp_640x1136.png */ = {isa = PBXFileReference; lastKnownFileType = image.png; path = drwApp_640x1136.png; sourceTree = "<group>"; };
		8AFCDBF21A8BCB5F00C8D8E0 /* main.storyboard */ = {isa = PBXFileReference; fileEncoding = 4; lastKnownFileType = file.storyboard; path = main.storyboard; sourceTree = "<group>"; };
/* End PBXFileReference section */

/* Begin PBXFrameworksBuildPhase section */
		4CA49E1C1759439000380086 /* Frameworks */ = {
			isa = PBXFrameworksBuildPhase;
			buildActionMask = 2147483647;
			files = (
				8A511FD31A99B5E900496DA9 /* Social.framework in Frameworks */,
				4C6E428018E1D247001EFA49 /* AVFoundation.framework in Frameworks */,
				4CA49E76175BD59800380086 /* QuartzCore.framework in Frameworks */,
				4CA49E231759439000380086 /* UIKit.framework in Frameworks */,
				4CA49E251759439000380086 /* Foundation.framework in Frameworks */,
				4CA49E271759439000380086 /* CoreGraphics.framework in Frameworks */,
			);
			runOnlyForDeploymentPostprocessing = 0;
		};
/* End PBXFrameworksBuildPhase section */

/* Begin PBXGroup section */
		4CA49E161759439000380086 = {
			isa = PBXGroup;
			children = (
				4CA49E281759439000380086 /* DrwApp */,
				4CA49E211759439000380086 /* Frameworks */,
				4CA49E201759439000380086 /* Products */,
			);
			sourceTree = "<group>";
		};
		4CA49E201759439000380086 /* Products */ = {
			isa = PBXGroup;
			children = (
				4CA49E1F1759439000380086 /* DrwApp.app */,
			);
			name = Products;
			sourceTree = "<group>";
		};
		4CA49E211759439000380086 /* Frameworks */ = {
			isa = PBXGroup;
			children = (
				8A511FD21A99B5E900496DA9 /* Social.framework */,
				4C6E427F18E1D247001EFA49 /* AVFoundation.framework */,
				4CA49E221759439000380086 /* UIKit.framework */,
				4CA49E241759439000380086 /* Foundation.framework */,
				4CA49E261759439000380086 /* CoreGraphics.framework */,
				4CA49E75175BD59800380086 /* QuartzCore.framework */,
			);
			name = Frameworks;
			sourceTree = "<group>";
		};
		4CA49E281759439000380086 /* DrwApp */ = {
			isa = PBXGroup;
			children = (
				8A4322421A986B7D00A6EC0C /* logic */,
				8A708E811A94FCC90029EB21 /* controllers */,
				8A708E5F1A94FBE90029EB21 /* resouces */,
				8A5A21261A8E719A00840611 /* Libraries */,
				8AFCDBF21A8BCB5F00C8D8E0 /* main.storyboard */,
				4CA49E311759439000380086 /* DAAppDelegate.h */,
				4CA49E321759439000380086 /* DAAppDelegate.m */,
				4CA49E3A1759439000380086 /* DAViewController.h */,
				4CA49E3B1759439000380086 /* DAViewController.m */,
				4C6E428718E1FC22001EFA49 /* ETup.jpg */,
				4C6E428118E1FC22001EFA49 /* ETdown.jpg */,
				4C6E428518E1FC22001EFA49 /* ETleft.jpg */,
				4C6E428318E1FC22001EFA49 /* ETright.jpg */,
				4C6E428218E1FC22001EFA49 /* ETupMirrored.jpg */,
				4C6E428F18E1FCB7001EFA49 /* ETdownMirrored.jpg */,
				4C6E428618E1FC22001EFA49 /* ETleftMirrored.jpg */,
				4C6E428418E1FC22001EFA49 /* ETrightMirrored.jpg */,
				4CA49E291759439000380086 /* Supporting Files */,
			);
			name = DrwApp;
			path = DAScratchPadExample;
			sourceTree = "<group>";
		};
		4CA49E291759439000380086 /* Supporting Files */ = {
			isa = PBXGroup;
			children = (
				8A511FD11A99B3A200496DA9 /* DrwApp-Prefix.pch */,
				4CA49E2A1759439000380086 /* DrwApp-Info.plist */,
				4CA49E2B1759439000380086 /* InfoPlist.strings */,
				4CA49E2E1759439000380086 /* main.m */,
				4CA49E341759439000380086 /* Default.png */,
				4CA49E361759439000380086 /* Default@2x.png */,
				4CA49E381759439000380086 /* Default-568h@2x.png */,
			);
			name = "Supporting Files";
			sourceTree = "<group>";
		};
		4CA49E48175943D200380086 /* DAScratchPad */ = {
			isa = PBXGroup;
			children = (
				4CA49E49175943D200380086 /* DAScratchPadView.h */,
				4CA49E4A175943D200380086 /* DAScratchPadView.m */,
			);
			name = DAScratchPad;
			path = ../../DAScratchPad;
			sourceTree = "<group>";
		};
		8A4322421A986B7D00A6EC0C /* logic */ = {
			isa = PBXGroup;
			children = (
				8A4322431A986BBB00A6EC0C /* DASharedGlobals.h */,
				8A4322441A986BBB00A6EC0C /* DASharedGlobals.m */,
			);
			name = logic;
			sourceTree = "<group>";
		};
		8A5A21261A8E719A00840611 /* Libraries */ = {
			isa = PBXGroup;
			children = (
				8A5C10A51A9F866400B2E95B /* CHTumblrMenu */,
				4CA49E48175943D200380086 /* DAScratchPad */,
				8A708E5B1A94FBC00029EB21 /* SWRevealViewController */,
				8AD1AAF31A925B4C00AE50AC /* BubbleMenuButton */,
			);
			name = Libraries;
			sourceTree = "<group>";
		};
		8A5C10A51A9F866400B2E95B /* CHTumblrMenu */ = {
			isa = PBXGroup;
			children = (
				8A5C10A61A9F867B00B2E95B /* CHTumblrMenuView.h */,
				8A5C10A71A9F867B00B2E95B /* CHTumblrMenuView.m */,
			);
			name = CHTumblrMenu;
			sourceTree = "<group>";
		};
		8A5C10AC1A9F881D00B2E95B /* tumblerMenuImages */ = {
			isa = PBXGroup;
			children = (
				8A5C10AD1A9F88CA00B2E95B /* post_type_bubble_chat.png */,
				8A5C10AE1A9F88CA00B2E95B /* post_type_bubble_chat@2x.png */,
				8A5C10AF1A9F88CA00B2E95B /* post_type_bubble_link.png */,
				8A5C10B01A9F88CA00B2E95B /* post_type_bubble_link@2x.png */,
				8A5C10B11A9F88CA00B2E95B /* post_type_bubble_photo.png */,
				8A5C10B21A9F88CA00B2E95B /* post_type_bubble_photo@2x.png */,
				8A5C10B31A9F88CA00B2E95B /* post_type_bubble_quote.png */,
				8A5C10B41A9F88CA00B2E95B /* post_type_bubble_quote@2x.png */,
				8A5C10B51A9F88CA00B2E95B /* post_type_bubble_text.png */,
				8A5C10B61A9F88CA00B2E95B /* post_type_bubble_text@2x.png */,
				8A5C10B71A9F88CA00B2E95B /* post_type_bubble_video.png */,
				8A5C10B81A9F88CA00B2E95B /* post_type_bubble_video@2x.png */,
				8A5C10B91A9F88CA00B2E95B /* tab_bar_button_compose_selected.png */,
				8A5C10BA1A9F88CA00B2E95B /* tab_bar_button_compose_selected@2x.png */,
				8A5C10BB1A9F88CA00B2E95B /* tab_bar_button_compose_unselected.png */,
				8A5C10BC1A9F88CA00B2E95B /* tab_bar_button_compose_unselected@2x.png */,
			);
			name = tumblerMenuImages;
			sourceTree = "<group>";
		};
		8A5C10CD1A9F8D1300B2E95B /* logos */ = {
			isa = PBXGroup;
			children = (
				8A5C10DA1A9F935E00B2E95B /* Github2.png */,
				8A5C10D81A9F935700B2E95B /* Github.png */,
				8A5C10D21A9F8ED700B2E95B /* Facebook.png */,
				8A5C10D31A9F8ED700B2E95B /* instagram.png */,
				8A5C10D41A9F8ED700B2E95B /* Twitter.png */,
				8A5C10CE1A9F8D1E00B2E95B /* facebook_.png */,
				8A5C10CF1A9F8D1E00B2E95B /* twitter_.png */,
			);
			name = logos;
			sourceTree = "<group>";
		};
		8A708E5B1A94FBC00029EB21 /* SWRevealViewController */ = {
			isa = PBXGroup;
			children = (
				8A708E5C1A94FBCD0029EB21 /* SWRevealViewController.h */,
				8A708E5D1A94FBCD0029EB21 /* SWRevealViewController.m */,
			);
			name = SWRevealViewController;
			sourceTree = "<group>";
		};
		8A708E5F1A94FBE90029EB21 /* resouces */ = {
			isa = PBXGroup;
			children = (
				8A5C10CD1A9F8D1300B2E95B /* logos */,
				8A5C10AC1A9F881D00B2E95B /* tumblerMenuImages */,
				8A708E801A94FC000029EB21 /* images */,
			);
			name = resouces;
			sourceTree = "<group>";
		};
		8A708E801A94FC000029EB21 /* images */ = {
			isa = PBXGroup;
			children = (
				8ADB6AB71A965BA800A6C4A8 /* drwApp_640x1136.png */,
				8ADB6AB51A965BA400A6C4A8 /* drwApp_640x960.png */,
				8ADB6AAD1A96587900A6C4A8 /* drwApp_58x58.png */,
				8ADB6AAE1A96587900A6C4A8 /* drwApp_80x80.png */,
				8ADB6AAF1A96587900A6C4A8 /* drwApp_120x120.png */,
				8ADB6AB01A96587900A6C4A8 /* drwApp_256x256.png */,
				8ADB6AAB1A96570900A6C4A8 /* drwApp.png */,
				8A4683911A8D1CCE00A81A3C /* eraser2.png */,
				8A4683921A8D1CCE00A81A3C /* eraser11.png */,
				8A708E8E1A95012D0029EB21 /* bag.png */,
				8A708E8F1A95012D0029EB21 /* teamslaay.png */,
				8A708E901A95012D0029EB21 /* Settings.png */,
				8A708E911A95012D0029EB21 /* share.png */,
				8A708E921A95012D0029EB21 /* information.png */,
				8A708E931A95012D0029EB21 /* nav_bg.png */,
				8A708E941A95012D0029EB21 /* menu.png */,
				8A708E951A95012D0029EB21 /* menu@2x.png */,
			);
			name = images;
			sourceTree = "<group>";
		};
		8A708E811A94FCC90029EB21 /* controllers */ = {
			isa = PBXGroup;
			children = (
				8A708E821A94FCDC0029EB21 /* MainViewController.h */,
				8A708E831A94FCDC0029EB21 /* MainViewController.m */,
				8A708E841A94FCDC0029EB21 /* SidebarViewController.h */,
				8A708E851A94FCDC0029EB21 /* SidebarViewController.m */,
				8A708E861A94FCDC0029EB21 /* MapViewController.h */,
				8A708E871A94FCDC0029EB21 /* MapViewController.m */,
				8A708E881A94FCDC0029EB21 /* PhotoViewController.h */,
				8A708E891A94FCDC0029EB21 /* PhotoViewController.m */,
				8A5C10A91A9F873D00B2E95B /* AboutAppViewController.h */,
				8A5C10AA1A9F873D00B2E95B /* AboutAppViewController.m */,
			);
			name = controllers;
			sourceTree = "<group>";
		};
		8AD1AAF31A925B4C00AE50AC /* BubbleMenuButton */ = {
			isa = PBXGroup;
			children = (
				8AD1AAF41A925B5900AE50AC /* DWBubbleMenuButton.h */,
				8AD1AAF51A925B5900AE50AC /* DWBubbleMenuButton.m */,
			);
			name = BubbleMenuButton;
			sourceTree = "<group>";
		};
/* End PBXGroup section */

/* Begin PBXNativeTarget section */
		4CA49E1E1759439000380086 /* DrwApp */ = {
			isa = PBXNativeTarget;
			buildConfigurationList = 4CA49E451759439000380086 /* Build configuration list for PBXNativeTarget "DrwApp" */;
			buildPhases = (
				4CA49E1B1759439000380086 /* Sources */,
				4CA49E1C1759439000380086 /* Frameworks */,
				4CA49E1D1759439000380086 /* Resources */,
			);
			buildRules = (
			);
			dependencies = (
			);
			name = DrwApp;
			productName = DAScratchPadExample;
			productReference = 4CA49E1F1759439000380086 /* DrwApp.app */;
			productType = "com.apple.product-type.application";
		};
/* End PBXNativeTarget section */

/* Begin PBXProject section */
		4CA49E171759439000380086 /* Project object */ = {
			isa = PBXProject;
			attributes = {
				CLASSPREFIX = DA;
				LastUpgradeCheck = 0460;
				ORGANIZATIONNAME = "Double Apps Inc.";
			};
			buildConfigurationList = 4CA49E1A1759439000380086 /* Build configuration list for PBXProject "DrwApp" */;
			compatibilityVersion = "Xcode 3.2";
			developmentRegion = English;
			hasScannedForEncodings = 0;
			knownRegions = (
				en,
			);
			mainGroup = 4CA49E161759439000380086;
			productRefGroup = 4CA49E201759439000380086 /* Products */;
			projectDirPath = "";
			projectRoot = "";
			targets = (
				4CA49E1E1759439000380086 /* DrwApp */,
			);
		};
/* End PBXProject section */

/* Begin PBXResourcesBuildPhase section */
		4CA49E1D1759439000380086 /* Resources */ = {
			isa = PBXResourcesBuildPhase;
			buildActionMask = 2147483647;
			files = (
				8A708E9A1A95012D0029EB21 /* information.png in Resources */,
				8A708E971A95012D0029EB21 /* teamslaay.png in Resources */,
				4C6E428C18E1FC22001EFA49 /* ETleft.jpg in Resources */,
				8A5C10BD1A9F88CA00B2E95B /* post_type_bubble_chat.png in Resources */,
				8A708E981A95012D0029EB21 /* Settings.png in Resources */,
				4C6E428D18E1FC22001EFA49 /* ETleftMirrored.jpg in Resources */,
				8A4683941A8D1CCE00A81A3C /* eraser11.png in Resources */,
				8A5C10C41A9F88CA00B2E95B /* post_type_bubble_quote@2x.png in Resources */,
				8A5C10C31A9F88CA00B2E95B /* post_type_bubble_quote.png in Resources */,
				8A5C10CC1A9F88CA00B2E95B /* tab_bar_button_compose_unselected@2x.png in Resources */,
				8A4683931A8D1CCE00A81A3C /* eraser2.png in Resources */,
				8A708E991A95012D0029EB21 /* share.png in Resources */,
				8A5C10C71A9F88CA00B2E95B /* post_type_bubble_video.png in Resources */,
				8A708E9C1A95012D0029EB21 /* menu.png in Resources */,
				8A5C10BE1A9F88CA00B2E95B /* post_type_bubble_chat@2x.png in Resources */,
				8A708E961A95012D0029EB21 /* bag.png in Resources */,
				4C6E428A18E1FC22001EFA49 /* ETright.jpg in Resources */,
				8A5C10D11A9F8D1E00B2E95B /* twitter_.png in Resources */,
				8A5C10D61A9F8ED700B2E95B /* instagram.png in Resources */,
				8A5C10C61A9F88CA00B2E95B /* post_type_bubble_text@2x.png in Resources */,
				8A5C10D91A9F935700B2E95B /* Github.png in Resources */,
				8ADB6AAC1A96570900A6C4A8 /* drwApp.png in Resources */,
				8A5C10D71A9F8ED700B2E95B /* Twitter.png in Resources */,
				8A5C10CA1A9F88CA00B2E95B /* tab_bar_button_compose_selected@2x.png in Resources */,
				4CA49E2D1759439000380086 /* InfoPlist.strings in Resources */,
				4C6E428818E1FC22001EFA49 /* ETdown.jpg in Resources */,
				4CA49E351759439000380086 /* Default.png in Resources */,
				8A5C10C21A9F88CA00B2E95B /* post_type_bubble_photo@2x.png in Resources */,
				8ADB6AB11A96587900A6C4A8 /* drwApp_58x58.png in Resources */,
				8A708E9B1A95012D0029EB21 /* nav_bg.png in Resources */,
				4CA49E371759439000380086 /* Default@2x.png in Resources */,
				8A5C10C11A9F88CA00B2E95B /* post_type_bubble_photo.png in Resources */,
				4CA49E391759439000380086 /* Default-568h@2x.png in Resources */,
				8A5C10C91A9F88CA00B2E95B /* tab_bar_button_compose_selected.png in Resources */,
				8ADB6AB61A965BA400A6C4A8 /* drwApp_640x960.png in Resources */,
				8A5C10C01A9F88CA00B2E95B /* post_type_bubble_link@2x.png in Resources */,
				8ADB6AB31A96587900A6C4A8 /* drwApp_120x120.png in Resources */,
				4C6E428918E1FC22001EFA49 /* ETupMirrored.jpg in Resources */,
				8A5C10C51A9F88CA00B2E95B /* post_type_bubble_text.png in Resources */,
				8A5C10BF1A9F88CA00B2E95B /* post_type_bubble_link.png in Resources */,
				8AFCDBF31A8BCB5F00C8D8E0 /* main.storyboard in Resources */,
				8A5C10C81A9F88CA00B2E95B /* post_type_bubble_video@2x.png in Resources */,
				4C6E428E18E1FC22001EFA49 /* ETup.jpg in Resources */,
				8A5C10CB1A9F88CA00B2E95B /* tab_bar_button_compose_unselected.png in Resources */,
				8ADB6AB21A96587900A6C4A8 /* drwApp_80x80.png in Resources */,
				8A5C10D01A9F8D1E00B2E95B /* facebook_.png in Resources */,
				8ADB6AB41A96587900A6C4A8 /* drwApp_256x256.png in Resources */,
				8A5C10D51A9F8ED700B2E95B /* Facebook.png in Resources */,
				4C6E428B18E1FC22001EFA49 /* ETrightMirrored.jpg in Resources */,
				4C6E429018E1FCB7001EFA49 /* ETdownMirrored.jpg in Resources */,
				8ADB6AB81A965BA800A6C4A8 /* drwApp_640x1136.png in Resources */,
				8A5C10DB1A9F935E00B2E95B /* Github2.png in Resources */,
				8A708E9D1A95012D0029EB21 /* menu@2x.png in Resources */,
			);
			runOnlyForDeploymentPostprocessing = 0;
		};
/* End PBXResourcesBuildPhase section */

/* Begin PBXSourcesBuildPhase section */
		4CA49E1B1759439000380086 /* Sources */ = {
			isa = PBXSourcesBuildPhase;
			buildActionMask = 2147483647;
			files = (
				8AD1AAF61A925B5900AE50AC /* DWBubbleMenuButton.m in Sources */,
				4CA49E2F1759439000380086 /* main.m in Sources */,
				4CA49E331759439000380086 /* DAAppDelegate.m in Sources */,
				8A708E8C1A94FCDC0029EB21 /* MapViewController.m in Sources */,
				8A708E8B1A94FCDC0029EB21 /* SidebarViewController.m in Sources */,
				4CA49E3C1759439000380086 /* DAViewController.m in Sources */,
				8A708E8A1A94FCDC0029EB21 /* MainViewController.m in Sources */,
				8A5C10AB1A9F873D00B2E95B /* AboutAppViewController.m in Sources */,
				8A4322451A986BBB00A6EC0C /* DASharedGlobals.m in Sources */,
				4CA49E4B175943D200380086 /* DAScratchPadView.m in Sources */,
				8A708E5E1A94FBCD0029EB21 /* SWRevealViewController.m in Sources */,
				8A5C10A81A9F867B00B2E95B /* CHTumblrMenuView.m in Sources */,
				8A708E8D1A94FCDC0029EB21 /* PhotoViewController.m in Sources */,
			);
			runOnlyForDeploymentPostprocessing = 0;
		};
/* End PBXSourcesBuildPhase section */

/* Begin PBXVariantGroup section */
		4CA49E2B1759439000380086 /* InfoPlist.strings */ = {
			isa = PBXVariantGroup;
			children = (
				4CA49E2C1759439000380086 /* en */,
			);
			name = InfoPlist.strings;
			sourceTree = "<group>";
		};
/* End PBXVariantGroup section */

/* Begin XCBuildConfiguration section */
		4CA49E431759439000380086 /* Debug */ = {
			isa = XCBuildConfiguration;
			buildSettings = {
				ALWAYS_SEARCH_USER_PATHS = NO;
				CLANG_CXX_LANGUAGE_STANDARD = "gnu++0x";
				CLANG_CXX_LIBRARY = "libc++";
				CLANG_ENABLE_OBJC_ARC = YES;
				CLANG_WARN_CONSTANT_CONVERSION = YES;
				CLANG_WARN_EMPTY_BODY = YES;
				CLANG_WARN_ENUM_CONVERSION = YES;
				CLANG_WARN_INT_CONVERSION = YES;
				CLANG_WARN__DUPLICATE_METHOD_MATCH = YES;
				"CODE_SIGN_IDENTITY[sdk=iphoneos*]" = "iPhone Developer";
				COPY_PHASE_STRIP = NO;
				GCC_C_LANGUAGE_STANDARD = gnu99;
				GCC_DYNAMIC_NO_PIC = NO;
				GCC_OPTIMIZATION_LEVEL = 0;
				GCC_PREPROCESSOR_DEFINITIONS = (
					"DEBUG=1",
					"$(inherited)",
				);
				GCC_SYMBOLS_PRIVATE_EXTERN = NO;
				GCC_WARN_ABOUT_RETURN_TYPE = YES;
				GCC_WARN_UNINITIALIZED_AUTOS = YES;
				GCC_WARN_UNUSED_VARIABLE = YES;
				IPHONEOS_DEPLOYMENT_TARGET = 7.1;
				ONLY_ACTIVE_ARCH = YES;
				SDKROOT = iphoneos;
				TARGETED_DEVICE_FAMILY = 1;
			};
			name = Debug;
		};
		4CA49E441759439000380086 /* Release */ = {
			isa = XCBuildConfiguration;
			buildSettings = {
				ALWAYS_SEARCH_USER_PATHS = NO;
				CLANG_CXX_LANGUAGE_STANDARD = "gnu++0x";
				CLANG_CXX_LIBRARY = "libc++";
				CLANG_ENABLE_OBJC_ARC = YES;
				CLANG_WARN_CONSTANT_CONVERSION = YES;
				CLANG_WARN_EMPTY_BODY = YES;
				CLANG_WARN_ENUM_CONVERSION = YES;
				CLANG_WARN_INT_CONVERSION = YES;
				CLANG_WARN__DUPLICATE_METHOD_MATCH = YES;
				"CODE_SIGN_IDENTITY[sdk=iphoneos*]" = "iPhone Developer";
				COPY_PHASE_STRIP = YES;
				GCC_C_LANGUAGE_STANDARD = gnu99;
				GCC_WARN_64_TO_32_BIT_CONVERSION = YES;
				GCC_WARN_ABOUT_RETURN_TYPE = YES;
				GCC_WARN_UNINITIALIZED_AUTOS = YES;
				GCC_WARN_UNUSED_VARIABLE = YES;
				IPHONEOS_DEPLOYMENT_TARGET = 7.1;
				OTHER_CFLAGS = "-DNS_BLOCK_ASSERTIONS=1";
				SDKROOT = iphoneos;
				TARGETED_DEVICE_FAMILY = 1;
				VALIDATE_PRODUCT = YES;
			};
			name = Release;
		};
		4CA49E461759439000380086 /* Debug */ = {
			isa = XCBuildConfiguration;
			buildSettings = {
				GCC_PRECOMPILE_PREFIX_HEADER = YES;
				GCC_PREFIX_HEADER = "DAScratchPadExample/DrwApp-Prefix.pch";
				GCC_WARN_64_TO_32_BIT_CONVERSION = YES;
				INFOPLIST_FILE = "DAScratchPadExample/DrwApp-Info.plist";
				IPHONEOS_DEPLOYMENT_TARGET = 7.1;
				PRODUCT_NAME = DrwApp;
				TARGETED_DEVICE_FAMILY = 1;
				WRAPPER_EXTENSION = app;
			};
			name = Debug;
		};
		4CA49E471759439000380086 /* Release */ = {
			isa = XCBuildConfiguration;
			buildSettings = {
				GCC_PRECOMPILE_PREFIX_HEADER = YES;
				GCC_PREFIX_HEADER = "DAScratchPadExample/DrwApp-Prefix.pch";
				INFOPLIST_FILE = "DAScratchPadExample/DrwApp-Info.plist";
				IPHONEOS_DEPLOYMENT_TARGET = 7.1;
				PRODUCT_NAME = DrwApp;
				TARGETED_DEVICE_FAMILY = 1;
				WRAPPER_EXTENSION = app;
			};
			name = Release;
		};
/* End XCBuildConfiguration section */

/* Begin XCConfigurationList section */
		4CA49E1A1759439000380086 /* Build configuration list for PBXProject "DrwApp" */ = {
			isa = XCConfigurationList;
			buildConfigurations = (
				4CA49E431759439000380086 /* Debug */,
				4CA49E441759439000380086 /* Release */,
			);
			defaultConfigurationIsVisible = 0;
			defaultConfigurationName = Release;
		};
		4CA49E451759439000380086 /* Build configuration list for PBXNativeTarget "DrwApp" */ = {
			isa = XCConfigurationList;
			buildConfigurations = (
				4CA49E461759439000380086 /* Debug */,
				4CA49E471759439000380086 /* Release */,
			);
			defaultConfigurationIsVisible = 0;
			defaultConfigurationName = Release;
		};
/* End XCConfigurationList section */
	};
	rootObject = 4CA49E171759439000380086 /* Project object */;
}
